
Microsoft Visual Studio Solution File, Format Version 12.00
# Visual Studio Version 17
VisualStudioVersion = 17.5.002.0
MinimumVisualStudioVersion = 10.0.40219.1
Project("{9A19103F-16F7-4668-BE54-9A1E7A4F7556}") = "cs_course", "cs_course.csproj", "{C7F8979A-2C80-4465-AFD1-D5268F2D4B40}"
EndProject
Global
	GlobalSection(SolutionConfigurationPlatforms) = preSolution
		Debug|Any CPU = Debug|Any CPU
		Release|Any CPU = Release|Any CPU
	EndGlobalSection
	GlobalSection(ProjectConfigurationPlatforms) = postSolution
		{C7F8979A-2C80-4465-AFD1-D5268F2D4B40}.Debug|Any CPU.ActiveCfg = Debug|Any CPU
		{C7F8979A-2C80-4465-AFD1-D5268F2D4B40}.Debug|Any CPU.Build.0 = Debug|Any CPU
		{C7F8979A-2C80-4465-AFD1-D5268F2D4B40}.Release|Any CPU.ActiveCfg = Release|Any CPU
		{C7F8979A-2C80-4465-AFD1-D5268F2D4B40}.Release|Any CPU.Build.0 = Release|Any CPU
	EndGlobalSection
	GlobalSection(SolutionProperties) = preSolution
		HideSolutionNode = FALSE
	EndGlobalSection
	GlobalSection(ExtensibilityGlobals) = postSolution
		SolutionGuid = {618E06BF-E21F-4D1A-BE03-B4F70AE98EC8}
	EndGlobalSection
EndGlobal
