
Microsoft Visual Studio Solution File, Format Version 12.00
# Visual Studio Version 17
VisualStudioVersion = 17.5.002.0
MinimumVisualStudioVersion = 10.0.40219.1
Project("{2150E333-8FDC-42A3-9474-1A3956D46DE8}") = "ChallengeProject", "ChallengeProject", "{BE072455-2FAD-47A9-A650-30E2ACA175AC}"
EndProject
Project("{9A19103F-16F7-4668-BE54-9A1E7A4F7556}") = "Final", "ChallengeProject\Final\Final.csproj", "{8BAA7151-8101-48A3-BC42-17F520A4A188}"
EndProject
Project("{9A19103F-16F7-4668-BE54-9A1E7A4F7556}") = "Starter", "ChallengeProject\Starter\Starter.csproj", "{3B0FDCDF-D149-4EC5-A628-BA9302B186CC}"
EndProject
Global
	GlobalSection(SolutionConfigurationPlatforms) = preSolution
		Debug|Any CPU = Debug|Any CPU
		Release|Any CPU = Release|Any CPU
	EndGlobalSection
	GlobalSection(ProjectConfigurationPlatforms) = postSolution
		{8BAA7151-8101-48A3-BC42-17F520A4A188}.Debug|Any CPU.ActiveCfg = Debug|Any CPU
		{8BAA7151-8101-48A3-BC42-17F520A4A188}.Debug|Any CPU.Build.0 = Debug|Any CPU
		{8BAA7151-8101-48A3-BC42-17F520A4A188}.Release|Any CPU.ActiveCfg = Release|Any CPU
		{8BAA7151-8101-48A3-BC42-17F520A4A188}.Release|Any CPU.Build.0 = Release|Any CPU
		{3B0FDCDF-D149-4EC5-A628-BA9302B186CC}.Debug|Any CPU.ActiveCfg = Debug|Any CPU
		{3B0FDCDF-D149-4EC5-A628-BA9302B186CC}.Debug|Any CPU.Build.0 = Debug|Any CPU
		{3B0FDCDF-D149-4EC5-A628-BA9302B186CC}.Release|Any CPU.ActiveCfg = Release|Any CPU
		{3B0FDCDF-D149-4EC5-A628-BA9302B186CC}.Release|Any CPU.Build.0 = Release|Any CPU
	EndGlobalSection
	GlobalSection(SolutionProperties) = preSolution
		HideSolutionNode = FALSE
	EndGlobalSection
	GlobalSection(NestedProjects) = preSolution
		{8BAA7151-8101-48A3-BC42-17F520A4A188} = {BE072455-2FAD-47A9-A650-30E2ACA175AC}
		{3B0FDCDF-D149-4EC5-A628-BA9302B186CC} = {BE072455-2FAD-47A9-A650-30E2ACA175AC}
	EndGlobalSection
	GlobalSection(ExtensibilityGlobals) = postSolution
		SolutionGuid = {251B59C3-121D-4E2F-AAD4-2627AFFD8F8C}
	EndGlobalSection
EndGlobal
